
Microsoft Visual Studio Solution File, Format Version 12.00
# Visual Studio Version 17
VisualStudioVersion = 17.11.35303.130
MinimumVisualStudioVersion = 10.0.40219.1
Project("{FAE04EC0-301F-11D3-BF4B-00C04F79EFBC}") = "WebPlenoCliente.Domain", "WebPlenoCliente.Domain\WebPlenoCliente.Domain.csproj", "{F3E7CAA6-96D4-4C80-8DC2-440145440154}"
EndProject
Project("{FAE04EC0-301F-11D3-BF4B-00C04F79EFBC}") = "WebPlenoCliente.Infra", "WebPlenoCliente.Infra\WebPlenoCliente.Infra.csproj", "{0283AD27-91F0-47A3-ABF8-B6D0EE94897B}"
EndProject
Project("{FAE04EC0-301F-11D3-BF4B-00C04F79EFBC}") = "WebPlenoCliente.Application", "WebPlenoCliente.Application\WebPlenoCliente.Application.csproj", "{43A09F7E-12E3-4AA6-9460-F8662B388183}"
EndProject
Project("{FAE04EC0-301F-11D3-BF4B-00C04F79EFBC}") = "WebPlenoCliente.API", "WebPlenoCliente.API\WebPlenoCliente.API.csproj", "{A1018DA0-09B0-4F2D-8F8C-E979D13C5B1F}"
EndProject
Global
	GlobalSection(SolutionConfigurationPlatforms) = preSolution
		Debug|Any CPU = Debug|Any CPU
		Release|Any CPU = Release|Any CPU
	EndGlobalSection
	GlobalSection(ProjectConfigurationPlatforms) = postSolution
		{F3E7CAA6-96D4-4C80-8DC2-440145440154}.Debug|Any CPU.ActiveCfg = Debug|Any CPU
		{F3E7CAA6-96D4-4C80-8DC2-440145440154}.Debug|Any CPU.Build.0 = Debug|Any CPU
		{F3E7CAA6-96D4-4C80-8DC2-440145440154}.Release|Any CPU.ActiveCfg = Release|Any CPU
		{F3E7CAA6-96D4-4C80-8DC2-440145440154}.Release|Any CPU.Build.0 = Release|Any CPU
		{0283AD27-91F0-47A3-ABF8-B6D0EE94897B}.Debug|Any CPU.ActiveCfg = Debug|Any CPU
		{0283AD27-91F0-47A3-ABF8-B6D0EE94897B}.Debug|Any CPU.Build.0 = Debug|Any CPU
		{0283AD27-91F0-47A3-ABF8-B6D0EE94897B}.Release|Any CPU.ActiveCfg = Release|Any CPU
		{0283AD27-91F0-47A3-ABF8-B6D0EE94897B}.Release|Any CPU.Build.0 = Release|Any CPU
		{43A09F7E-12E3-4AA6-9460-F8662B388183}.Debug|Any CPU.ActiveCfg = Debug|Any CPU
		{43A09F7E-12E3-4AA6-9460-F8662B388183}.Debug|Any CPU.Build.0 = Debug|Any CPU
		{43A09F7E-12E3-4AA6-9460-F8662B388183}.Release|Any CPU.ActiveCfg = Release|Any CPU
		{43A09F7E-12E3-4AA6-9460-F8662B388183}.Release|Any CPU.Build.0 = Release|Any CPU
		{A1018DA0-09B0-4F2D-8F8C-E979D13C5B1F}.Debug|Any CPU.ActiveCfg = Debug|Any CPU
		{A1018DA0-09B0-4F2D-8F8C-E979D13C5B1F}.Debug|Any CPU.Build.0 = Debug|Any CPU
		{A1018DA0-09B0-4F2D-8F8C-E979D13C5B1F}.Release|Any CPU.ActiveCfg = Release|Any CPU
		{A1018DA0-09B0-4F2D-8F8C-E979D13C5B1F}.Release|Any CPU.Build.0 = Release|Any CPU
	EndGlobalSection
	GlobalSection(SolutionProperties) = preSolution
		HideSolutionNode = FALSE
	EndGlobalSection
	GlobalSection(ExtensibilityGlobals) = postSolution
		SolutionGuid = {403D60D1-83B8-4517-9EAE-49E72D85BDB8}
	EndGlobalSection
EndGlobal
